
Microsoft Visual Studio Solution File, Format Version 12.00
# Visual Studio 15
VisualStudioVersion = 15.0.28307.779
MinimumVisualStudioVersion = 10.0.40219.1
Project("{8BC9CEB8-8B4A-11D0-8D11-00A0C91BC942}") = "Framework", "Framework\Framework.vcxproj", "{CA334AE9-B7B1-4114-BC95-7C169F0A01CB}"
EndProject
Project("{8BC9CEB8-8B4A-11D0-8D11-00A0C91BC942}") = "UnitTest", "UnitTest\UnitTest.vcxproj", "{B0DC2DAD-5725-4964-8C58-C925FFB48F65}"
	ProjectSection(ProjectDependencies) = postProject
		{CA334AE9-B7B1-4114-BC95-7C169F0A01CB} = {CA334AE9-B7B1-4114-BC95-7C169F0A01CB}
	EndProjectSection
EndProject
Project("{2150E333-8FDC-42A3-9474-1A3956D46DE8}") = "_Shaders", "_Shaders", "{1A25703D-F3BC-4CA2-82EB-8DBDEA4E02E3}"
	ProjectSection(SolutionItems) = preProject
		..\_Shaders\00_Global.fx = ..\_Shaders\00_Global.fx
		..\_Shaders\00_Light.fx = ..\_Shaders\00_Light.fx
		..\_Shaders\00_Render.fx = ..\_Shaders\00_Render.fx
		..\_Shaders\04_Vertex.fx = ..\_Shaders\04_Vertex.fx
		..\_Shaders\06_Triangle.fx = ..\_Shaders\06_Triangle.fx
		..\_Shaders\07_Rect.fx = ..\_Shaders\07_Rect.fx
		..\_Shaders\09_World.fx = ..\_Shaders\09_World.fx
		..\_Shaders\100_ColorTone.fx = ..\_Shaders\100_ColorTone.fx
		..\_Shaders\100_ColorTone.fxo = ..\_Shaders\100_ColorTone.fxo
		..\_Shaders\103_Mrt.fx = ..\_Shaders\103_Mrt.fx
		..\_Shaders\103_Mrt.fxo = ..\_Shaders\103_Mrt.fxo
		..\_Shaders\104_Blur.fx = ..\_Shaders\104_Blur.fx
		..\_Shaders\104_Blur.fxo = ..\_Shaders\104_Blur.fxo
		..\_Shaders\104_GaussianBlur.fx = ..\_Shaders\104_GaussianBlur.fx
		..\_Shaders\104_GaussianBlur.fxo = ..\_Shaders\104_GaussianBlur.fxo
		..\_Shaders\106_Bloom.fx = ..\_Shaders\106_Bloom.fx
		..\_Shaders\106_Bloom.fxo = ..\_Shaders\106_Bloom.fxo
		..\_Shaders\107_DynamicCubeMap.fx = ..\_Shaders\107_DynamicCubeMap.fx
		..\_Shaders\107_DynamicCubeMap.fxo = ..\_Shaders\107_DynamicCubeMap.fxo
		..\_Shaders\10_World.fx = ..\_Shaders\10_World.fx
		..\_Shaders\111_Projector.fx = ..\_Shaders\111_Projector.fx
		..\_Shaders\111_Projector.fxo = ..\_Shaders\111_Projector.fxo
		..\_Shaders\113_Shadow.fx = ..\_Shaders\113_Shadow.fx
		..\_Shaders\113_Shadow.fxo = ..\_Shaders\113_Shadow.fxo
		..\_Shaders\15_Cube.fx = ..\_Shaders\15_Cube.fx
		..\_Shaders\16_Texture.fx = ..\_Shaders\16_Texture.fx
		..\_Shaders\18_TextureSampler.fx = ..\_Shaders\18_TextureSampler.fx
		..\_Shaders\19_Terrain.fx = ..\_Shaders\19_Terrain.fx
		..\_Shaders\20_DebugLine.fx = ..\_Shaders\20_DebugLine.fx
		..\_Shaders\25_Mesh.fx = ..\_Shaders\25_Mesh.fx
		..\_Shaders\29_CubeMap.fx = ..\_Shaders\29_CubeMap.fx
		..\_Shaders\29_CubeSky.fx = ..\_Shaders\29_CubeSky.fx
		..\_Shaders\29_CubeSky.fxo = ..\_Shaders\29_CubeSky.fxo
		..\_Shaders\38_Model.fx = ..\_Shaders\38_Model.fx
		..\_Shaders\45_Animation.fx = ..\_Shaders\45_Animation.fx
		..\_Shaders\48_AnimationTweening.fx = ..\_Shaders\48_AnimationTweening.fx
		..\_Shaders\49_AnimationBlending.fx = ..\_Shaders\49_AnimationBlending.fx
		..\_Shaders\50_Instancing.fx = ..\_Shaders\50_Instancing.fx
		..\_Shaders\51_InstancingMesh.fx = ..\_Shaders\51_InstancingMesh.fx
		..\_Shaders\52_InstancingModel.fx = ..\_Shaders\52_InstancingModel.fx
		..\_Shaders\53_InstancingAnimation.fx = ..\_Shaders\53_InstancingAnimation.fx
		..\_Shaders\55_Render.fx = ..\_Shaders\55_Render.fx
		..\_Shaders\55_Render.fxo = ..\_Shaders\55_Render.fxo
		..\_Shaders\60_RawBuffer.fx = ..\_Shaders\60_RawBuffer.fx
		..\_Shaders\62_Render2D.fx = ..\_Shaders\62_Render2D.fx
		..\_Shaders\62_TextureBuffer.fx = ..\_Shaders\62_TextureBuffer.fx
		..\_Shaders\63_GetAnimationBone.fx = ..\_Shaders\63_GetAnimationBone.fx
		..\_Shaders\71_GetMultiBones.fx = ..\_Shaders\71_GetMultiBones.fx
		..\_Shaders\71_GetMultiBones.fxo = ..\_Shaders\71_GetMultiBones.fxo
		..\_Shaders\75_Lighting.fx = ..\_Shaders\75_Lighting.fx
		..\_Shaders\75_Lighting.fxo = ..\_Shaders\75_Lighting.fxo
		..\_Shaders\78_PointLighting.fx = ..\_Shaders\78_PointLighting.fx
		..\_Shaders\78_PointLighting.fxo = ..\_Shaders\78_PointLighting.fxo
		..\_Shaders\80_SpotLighting.fx = ..\_Shaders\80_SpotLighting.fx
		..\_Shaders\80_SpotLighting.fxo = ..\_Shaders\80_SpotLighting.fxo
		..\_Shaders\82_NormalMapping.fx = ..\_Shaders\82_NormalMapping.fx
		..\_Shaders\82_NormalMapping.fxo = ..\_Shaders\82_NormalMapping.fxo
		..\_Shaders\83_Billboard.fx = ..\_Shaders\83_Billboard.fx
		..\_Shaders\83_Billboard.fxo = ..\_Shaders\83_Billboard.fxo
		..\_Shaders\85_Rain.fx = ..\_Shaders\85_Rain.fx
		..\_Shaders\85_Rain.fxo = ..\_Shaders\85_Rain.fxo
		..\_Shaders\85_Snow.fx = ..\_Shaders\85_Snow.fx
		..\_Shaders\85_Snow.fxo = ..\_Shaders\85_Snow.fxo
		..\_Shaders\89_Particle.fx = ..\_Shaders\89_Particle.fx
		..\_Shaders\89_Particle.fxo = ..\_Shaders\89_Particle.fxo
		..\_Shaders\96_Billboard.fx = ..\_Shaders\96_Billboard.fx
		..\_Shaders\96_Billboard.fxo = ..\_Shaders\96_Billboard.fxo
	EndProjectSection
EndProject
Global
	GlobalSection(SolutionConfigurationPlatforms) = preSolution
		Debug|x86 = Debug|x86
		Release|x86 = Release|x86
	EndGlobalSection
	GlobalSection(ProjectConfigurationPlatforms) = postSolution
		{CA334AE9-B7B1-4114-BC95-7C169F0A01CB}.Debug|x86.ActiveCfg = Debug|Win32
		{CA334AE9-B7B1-4114-BC95-7C169F0A01CB}.Debug|x86.Build.0 = Debug|Win32
		{CA334AE9-B7B1-4114-BC95-7C169F0A01CB}.Release|x86.ActiveCfg = Release|Win32
		{CA334AE9-B7B1-4114-BC95-7C169F0A01CB}.Release|x86.Build.0 = Release|Win32
		{B0DC2DAD-5725-4964-8C58-C925FFB48F65}.Debug|x86.ActiveCfg = Debug|Win32
		{B0DC2DAD-5725-4964-8C58-C925FFB48F65}.Debug|x86.Build.0 = Debug|Win32
		{B0DC2DAD-5725-4964-8C58-C925FFB48F65}.Release|x86.ActiveCfg = Release|Win32
		{B0DC2DAD-5725-4964-8C58-C925FFB48F65}.Release|x86.Build.0 = Release|Win32
	EndGlobalSection
	GlobalSection(SolutionProperties) = preSolution
		HideSolutionNode = FALSE
	EndGlobalSection
	GlobalSection(ExtensibilityGlobals) = postSolution
		SolutionGuid = {6C4FFBD5-C7B4-434A-92BD-96B5BA0D3F69}
	EndGlobalSection
EndGlobal
