<?xml version="1.0" encoding="utf-8"?>
<Project ToolsVersion="4.0" xmlns="http://schemas.microsoft.com/developer/msbuild/2003">
  <ItemGroup>
    <ClCompile Include="stdafx.cpp" />
    <ClCompile Include="Main.cpp" />
    <ClCompile Include="Vertex\Vertex_Line.cpp">
      <Filter>Vertex</Filter>
    </ClCompile>
    <ClCompile Include="Vertex\Vertex_Line2.cpp">
      <Filter>Vertex</Filter>
    </ClCompile>
    <ClCompile Include="Vertex\TriangleList.cpp">
      <Filter>Vertex</Filter>
    </ClCompile>
    <ClCompile Include="Vertex\RectDemo.cpp">
      <Filter>Vertex</Filter>
    </ClCompile>
    <ClCompile Include="Vertex\UserInterface.cpp">
      <Filter>Vertex</Filter>
    </ClCompile>
    <ClCompile Include="Vertex\WorldDemo.cpp">
      <Filter>Vertex</Filter>
    </ClCompile>
    <ClCompile Include="Vertex\WorldDemo2.cpp">
      <Filter>Vertex</Filter>
    </ClCompile>
    <ClCompile Include="Vertex\WorldDemo3.cpp">
      <Filter>Vertex</Filter>
    </ClCompile>
    <ClCompile Include="Vertex\Index_Demo.cpp">
      <Filter>Vertex</Filter>
    </ClCompile>
    <ClCompile Include="Vertex\GridDemo.cpp">
      <Filter>Vertex</Filter>
    </ClCompile>
    <ClCompile Include="Mesh\CubeDemo.cpp">
      <Filter>Mesh</Filter>
    </ClCompile>
    <ClCompile Include="Vertex\RotationDemo.cpp">
      <Filter>Vertex</Filter>
    </ClCompile>
    <ClCompile Include="Texture\TextureDemo.cpp">
      <Filter>Texture</Filter>
    </ClCompile>
    <ClCompile Include="Texture\TextureLoadDemo.cpp">
      <Filter>Texture</Filter>
    </ClCompile>
    <ClCompile Include="Texture\TextureSamplerDemo.cpp">
      <Filter>Texture</Filter>
    </ClCompile>
    <ClCompile Include="Terrain\HeightMapDemo.cpp">
      <Filter>Terrain</Filter>
    </ClCompile>
    <ClCompile Include="Terrain\NormalMapDemo.cpp">
      <Filter>Terrain</Filter>
    </ClCompile>
    <ClCompile Include="Terrain\GetHeightDemo.cpp">
      <Filter>Terrain</Filter>
    </ClCompile>
    <ClCompile Include="Terrain\RayCastDemo.cpp">
      <Filter>Terrain</Filter>
    </ClCompile>
  </ItemGroup>
  <ItemGroup>
    <ClInclude Include="stdafx.h" />
    <ClInclude Include="Main.h" />
    <ClInclude Include="Vertex\Vertex_Line.h">
      <Filter>Vertex</Filter>
    </ClInclude>
    <ClInclude Include="Vertex\Vertex_Line2.h">
      <Filter>Vertex</Filter>
    </ClInclude>
    <ClInclude Include="Vertex\TriangleList.h">
      <Filter>Vertex</Filter>
    </ClInclude>
    <ClInclude Include="Vertex\RectDemo.h">
      <Filter>Vertex</Filter>
    </ClInclude>
    <ClInclude Include="Vertex\UserInterface.h">
      <Filter>Vertex</Filter>
    </ClInclude>
    <ClInclude Include="Vertex\WorldDemo.h">
      <Filter>Vertex</Filter>
    </ClInclude>
    <ClInclude Include="Vertex\WorldDemo2.h">
      <Filter>Vertex</Filter>
    </ClInclude>
    <ClInclude Include="Vertex\WorldDemo3.h">
      <Filter>Vertex</Filter>
    </ClInclude>
    <ClInclude Include="Vertex\Index_Demo.h">
      <Filter>Vertex</Filter>
    </ClInclude>
    <ClInclude Include="Vertex\GridDemo.h">
      <Filter>Vertex</Filter>
    </ClInclude>
    <ClInclude Include="Mesh\CubeDemo.h">
      <Filter>Mesh</Filter>
    </ClInclude>
    <ClInclude Include="Vertex\RotationDemo.h">
      <Filter>Vertex</Filter>
    </ClInclude>
    <ClInclude Include="Texture\TextureDemo.h">
      <Filter>Texture</Filter>
    </ClInclude>
    <ClInclude Include="Texture\TextureLoadDemo.h">
      <Filter>Texture</Filter>
    </ClInclude>
    <ClInclude Include="Texture\TextureSamplerDemo.h">
      <Filter>Texture</Filter>
    </ClInclude>
    <ClInclude Include="Terrain\HeightMapDemo.h">
      <Filter>Terrain</Filter>
    </ClInclude>
    <ClInclude Include="Terrain\NormalMapDemo.h">
      <Filter>Terrain</Filter>
    </ClInclude>
    <ClInclude Include="Terrain\GetHeightDemo.h">
      <Filter>Terrain</Filter>
    </ClInclude>
    <ClInclude Include="Terrain\RayCastDemo.h">
      <Filter>Terrain</Filter>
    </ClInclude>
  </ItemGroup>
  <ItemGroup>
    <Filter Include="Vertex">
      <UniqueIdentifier>{a72ab6ed-abff-44d3-9e72-319308aebe88}</UniqueIdentifier>
    </Filter>
    <Filter Include="Mesh">
      <UniqueIdentifier>{23bf4857-42dc-4b61-a674-763739d2d030}</UniqueIdentifier>
    </Filter>
    <Filter Include="Texture">
      <UniqueIdentifier>{2b4974bd-a761-49ae-b33d-b2a2e0f5c7f8}</UniqueIdentifier>
    </Filter>
    <Filter Include="Terrain">
      <UniqueIdentifier>{d37c3903-cd95-423f-8544-5f51e49a473d}</UniqueIdentifier>
    </Filter>
  </ItemGroup>
</Project>